// !$*UTF8*$!
{
	archiveVersion = 1;
	classes = {
	};
	objectVersion = 50;
	objects = {

/* Begin PBXBuildFile section */
		DD51A1F721C2E01200F1D413 /* AppDelegate.swift in Sources */ = {isa = PBXBuildFile; fileRef = DD51A1F621C2E01200F1D413 /* AppDelegate.swift */; };
		DD51A1F921C2E01200F1D413 /* EpisodesViewController.swift in Sources */ = {isa = PBXBuildFile; fileRef = DD51A1F821C2E01200F1D413 /* EpisodesViewController.swift */; };
		DD51A1FC21C2E01200F1D413 /* Main.storyboard in Resources */ = {isa = PBXBuildFile; fileRef = DD51A1FA21C2E01200F1D413 /* Main.storyboard */; };
		DD51A1FE21C2E01400F1D413 /* Assets.xcassets in Resources */ = {isa = PBXBuildFile; fileRef = DD51A1FD21C2E01400F1D413 /* Assets.xcassets */; };
		DD51A20121C2E01400F1D413 /* LaunchScreen.storyboard in Resources */ = {isa = PBXBuildFile; fileRef = DD51A1FF21C2E01400F1D413 /* LaunchScreen.storyboard */; };
		DD51A20C21C2E01400F1D413 /* MyBlissAssignmentTests.swift in Sources */ = {isa = PBXBuildFile; fileRef = DD51A20B21C2E01400F1D413 /* MyBlissAssignmentTests.swift */; };
		DD51A21721C2E01400F1D413 /* MyBlissAssignmentUITests.swift in Sources */ = {isa = PBXBuildFile; fileRef = DD51A21621C2E01400F1D413 /* MyBlissAssignmentUITests.swift */; };
		DD51A22621C2F37400F1D413 /* Episode.swift in Sources */ = {isa = PBXBuildFile; fileRef = DD51A22521C2F37400F1D413 /* Episode.swift */; };
		DD51A22821C2F40500F1D413 /* Series.swift in Sources */ = {isa = PBXBuildFile; fileRef = DD51A22721C2F40500F1D413 /* Series.swift */; };
		DD51A22B21C4BE8B00F1D413 /* BasePath.swift in Sources */ = {isa = PBXBuildFile; fileRef = DD51A22A21C4BE8B00F1D413 /* BasePath.swift */; };
		DD51A22D21C4CBBD00F1D413 /* APIResult.swift in Sources */ = {isa = PBXBuildFile; fileRef = DD51A22C21C4CBBD00F1D413 /* APIResult.swift */; };
		DD51A22F21C4DDF300F1D413 /* GenericAPIClient.swift in Sources */ = {isa = PBXBuildFile; fileRef = DD51A22E21C4DDF300F1D413 /* GenericAPIClient.swift */; };
		DD51A23121C50A5E00F1D413 /* EpisodeClient.swift in Sources */ = {isa = PBXBuildFile; fileRef = DD51A23021C50A5E00F1D413 /* EpisodeClient.swift */; };
		DD579F0921C61EB3007786DE /* EpisodeCollectionViewCell.swift in Sources */ = {isa = PBXBuildFile; fileRef = DD579F0821C61EB3007786DE /* EpisodeCollectionViewCell.swift */; };
		DD579F0B21C61F3B007786DE /* EpisodesViewController+CollectionViewDelegates.swift in Sources */ = {isa = PBXBuildFile; fileRef = DD579F0A21C61F3B007786DE /* EpisodesViewController+CollectionViewDelegates.swift */; };
		DD579F0D21C620E1007786DE /* EpisodesViewModel.swift in Sources */ = {isa = PBXBuildFile; fileRef = DD579F0C21C620E1007786DE /* EpisodesViewModel.swift */; };
		DD579F1021C6AC40007786DE /* UIImageView+Cache.swift in Sources */ = {isa = PBXBuildFile; fileRef = DD579F0F21C6AC40007786DE /* UIImageView+Cache.swift */; };
/* End PBXBuildFile section */

/* Begin PBXContainerItemProxy section */
		DD51A20821C2E01400F1D413 /* PBXContainerItemProxy */ = {
			isa = PBXContainerItemProxy;
			containerPortal = DD51A1EB21C2E01200F1D413 /* Project object */;
			proxyType = 1;
			remoteGlobalIDString = DD51A1F221C2E01200F1D413;
			remoteInfo = MyBlissAssignment;
		};
		DD51A21321C2E01400F1D413 /* PBXContainerItemProxy */ = {
			isa = PBXContainerItemProxy;
			containerPortal = DD51A1EB21C2E01200F1D413 /* Project object */;
			proxyType = 1;
			remoteGlobalIDString = DD51A1F221C2E01200F1D413;
			remoteInfo = MyBlissAssignment;
		};
/* End PBXContainerItemProxy section */

/* Begin PBXFileReference section */
		DD51A1F321C2E01200F1D413 /* MyBlissAssignment.app */ = {isa = PBXFileReference; explicitFileType = wrapper.application; includeInIndex = 0; path = MyBlissAssignment.app; sourceTree = BUILT_PRODUCTS_DIR; };
		DD51A1F621C2E01200F1D413 /* AppDelegate.swift */ = {isa = PBXFileReference; lastKnownFileType = sourcecode.swift; path = AppDelegate.swift; sourceTree = "<group>"; };
		DD51A1F821C2E01200F1D413 /* EpisodesViewController.swift */ = {isa = PBXFileReference; lastKnownFileType = sourcecode.swift; path = EpisodesViewController.swift; sourceTree = "<group>"; };
		DD51A1FB21C2E01200F1D413 /* Base */ = {isa = PBXFileReference; lastKnownFileType = file.storyboard; name = Base; path = Base.lproj/Main.storyboard; sourceTree = "<group>"; };
		DD51A1FD21C2E01400F1D413 /* Assets.xcassets */ = {isa = PBXFileReference; lastKnownFileType = folder.assetcatalog; path = Assets.xcassets; sourceTree = "<group>"; };
		DD51A20021C2E01400F1D413 /* Base */ = {isa = PBXFileReference; lastKnownFileType = file.storyboard; name = Base; path = Base.lproj/LaunchScreen.storyboard; sourceTree = "<group>"; };
		DD51A20221C2E01400F1D413 /* Info.plist */ = {isa = PBXFileReference; lastKnownFileType = text.plist.xml; path = Info.plist; sourceTree = "<group>"; };
		DD51A20721C2E01400F1D413 /* MyBlissAssignmentTests.xctest */ = {isa = PBXFileReference; explicitFileType = wrapper.cfbundle; includeInIndex = 0; path = MyBlissAssignmentTests.xctest; sourceTree = BUILT_PRODUCTS_DIR; };
		DD51A20B21C2E01400F1D413 /* MyBlissAssignmentTests.swift */ = {isa = PBXFileReference; lastKnownFileType = sourcecode.swift; path = MyBlissAssignmentTests.swift; sourceTree = "<group>"; };
		DD51A20D21C2E01400F1D413 /* Info.plist */ = {isa = PBXFileReference; lastKnownFileType = text.plist.xml; path = Info.plist; sourceTree = "<group>"; };
		DD51A21221C2E01400F1D413 /* MyBlissAssignmentUITests.xctest */ = {isa = PBXFileReference; explicitFileType = wrapper.cfbundle; includeInIndex = 0; path = MyBlissAssignmentUITests.xctest; sourceTree = BUILT_PRODUCTS_DIR; };
		DD51A21621C2E01400F1D413 /* MyBlissAssignmentUITests.swift */ = {isa = PBXFileReference; lastKnownFileType = sourcecode.swift; path = MyBlissAssignmentUITests.swift; sourceTree = "<group>"; };
		DD51A21821C2E01400F1D413 /* Info.plist */ = {isa = PBXFileReference; lastKnownFileType = text.plist.xml; path = Info.plist; sourceTree = "<group>"; };
		DD51A22521C2F37400F1D413 /* Episode.swift */ = {isa = PBXFileReference; lastKnownFileType = sourcecode.swift; path = Episode.swift; sourceTree = "<group>"; };
		DD51A22721C2F40500F1D413 /* Series.swift */ = {isa = PBXFileReference; lastKnownFileType = sourcecode.swift; path = Series.swift; sourceTree = "<group>"; };
		DD51A22A21C4BE8B00F1D413 /* BasePath.swift */ = {isa = PBXFileReference; lastKnownFileType = sourcecode.swift; path = BasePath.swift; sourceTree = "<group>"; };
		DD51A22C21C4CBBD00F1D413 /* APIResult.swift */ = {isa = PBXFileReference; lastKnownFileType = sourcecode.swift; path = APIResult.swift; sourceTree = "<group>"; };
		DD51A22E21C4DDF300F1D413 /* GenericAPIClient.swift */ = {isa = PBXFileReference; lastKnownFileType = sourcecode.swift; path = GenericAPIClient.swift; sourceTree = "<group>"; };
		DD51A23021C50A5E00F1D413 /* EpisodeClient.swift */ = {isa = PBXFileReference; lastKnownFileType = sourcecode.swift; path = EpisodeClient.swift; sourceTree = "<group>"; };
		DD579F0821C61EB3007786DE /* EpisodeCollectionViewCell.swift */ = {isa = PBXFileReference; lastKnownFileType = sourcecode.swift; path = EpisodeCollectionViewCell.swift; sourceTree = "<group>"; };
		DD579F0A21C61F3B007786DE /* EpisodesViewController+CollectionViewDelegates.swift */ = {isa = PBXFileReference; lastKnownFileType = sourcecode.swift; path = "EpisodesViewController+CollectionViewDelegates.swift"; sourceTree = "<group>"; };
		DD579F0C21C620E1007786DE /* EpisodesViewModel.swift */ = {isa = PBXFileReference; lastKnownFileType = sourcecode.swift; path = EpisodesViewModel.swift; sourceTree = "<group>"; };
		DD579F0F21C6AC40007786DE /* UIImageView+Cache.swift */ = {isa = PBXFileReference; lastKnownFileType = sourcecode.swift; path = "UIImageView+Cache.swift"; sourceTree = "<group>"; };
/* End PBXFileReference section */

/* Begin PBXFrameworksBuildPhase section */
		DD51A1F021C2E01200F1D413 /* Frameworks */ = {
			isa = PBXFrameworksBuildPhase;
			buildActionMask = 2147483647;
			files = (
			);
			runOnlyForDeploymentPostprocessing = 0;
		};
		DD51A20421C2E01400F1D413 /* Frameworks */ = {
			isa = PBXFrameworksBuildPhase;
			buildActionMask = 2147483647;
			files = (
			);
			runOnlyForDeploymentPostprocessing = 0;
		};
		DD51A20F21C2E01400F1D413 /* Frameworks */ = {
			isa = PBXFrameworksBuildPhase;
			buildActionMask = 2147483647;
			files = (
			);
			runOnlyForDeploymentPostprocessing = 0;
		};
/* End PBXFrameworksBuildPhase section */

/* Begin PBXGroup section */
		DD51A1EA21C2E01200F1D413 = {
			isa = PBXGroup;
			children = (
				DD51A1F521C2E01200F1D413 /* MyBlissAssignment */,
				DD51A20A21C2E01400F1D413 /* MyBlissAssignmentTests */,
				DD51A21521C2E01400F1D413 /* MyBlissAssignmentUITests */,
				DD51A1F421C2E01200F1D413 /* Products */,
			);
			sourceTree = "<group>";
		};
		DD51A1F421C2E01200F1D413 /* Products */ = {
			isa = PBXGroup;
			children = (
				DD51A1F321C2E01200F1D413 /* MyBlissAssignment.app */,
				DD51A20721C2E01400F1D413 /* MyBlissAssignmentTests.xctest */,
				DD51A21221C2E01400F1D413 /* MyBlissAssignmentUITests.xctest */,
			);
			name = Products;
			sourceTree = "<group>";
		};
		DD51A1F521C2E01200F1D413 /* MyBlissAssignment */ = {
			isa = PBXGroup;
			children = (
				DD51A1F621C2E01200F1D413 /* AppDelegate.swift */,
				DD51A1F821C2E01200F1D413 /* EpisodesViewController.swift */,
				DD579F0C21C620E1007786DE /* EpisodesViewModel.swift */,
				DD579F0A21C61F3B007786DE /* EpisodesViewController+CollectionViewDelegates.swift */,
				DD579F0821C61EB3007786DE /* EpisodeCollectionViewCell.swift */,
				DD51A1FA21C2E01200F1D413 /* Main.storyboard */,
				DD51A1FD21C2E01400F1D413 /* Assets.xcassets */,
				DD51A1FF21C2E01400F1D413 /* LaunchScreen.storyboard */,
				DD51A20221C2E01400F1D413 /* Info.plist */,
				DD579F0E21C6AC26007786DE /* ImageCache */,
				DD51A22921C4BE3B00F1D413 /* Networking */,
				DD51A22421C2F35600F1D413 /* Model */,
			);
			path = MyBlissAssignment;
			sourceTree = "<group>";
		};
		DD51A20A21C2E01400F1D413 /* MyBlissAssignmentTests */ = {
			isa = PBXGroup;
			children = (
				DD51A20B21C2E01400F1D413 /* MyBlissAssignmentTests.swift */,
				DD51A20D21C2E01400F1D413 /* Info.plist */,
			);
			path = MyBlissAssignmentTests;
			sourceTree = "<group>";
		};
		DD51A21521C2E01400F1D413 /* MyBlissAssignmentUITests */ = {
			isa = PBXGroup;
			children = (
				DD51A21621C2E01400F1D413 /* MyBlissAssignmentUITests.swift */,
				DD51A21821C2E01400F1D413 /* Info.plist */,
			);
			path = MyBlissAssignmentUITests;
			sourceTree = "<group>";
		};
		DD51A22421C2F35600F1D413 /* Model */ = {
			isa = PBXGroup;
			children = (
				DD51A22521C2F37400F1D413 /* Episode.swift */,
				DD51A22721C2F40500F1D413 /* Series.swift */,
			);
			path = Model;
			sourceTree = "<group>";
		};
		DD51A22921C4BE3B00F1D413 /* Networking */ = {
			isa = PBXGroup;
			children = (
				DD51A22A21C4BE8B00F1D413 /* BasePath.swift */,
				DD51A22C21C4CBBD00F1D413 /* APIResult.swift */,
				DD51A22E21C4DDF300F1D413 /* GenericAPIClient.swift */,
				DD51A23021C50A5E00F1D413 /* EpisodeClient.swift */,
			);
			path = Networking;
			sourceTree = "<group>";
		};
		DD579F0E21C6AC26007786DE /* ImageCache */ = {
			isa = PBXGroup;
			children = (
				DD579F0F21C6AC40007786DE /* UIImageView+Cache.swift */,
			);
			path = ImageCache;
			sourceTree = "<group>";
		};
/* End PBXGroup section */

/* Begin PBXNativeTarget section */
		DD51A1F221C2E01200F1D413 /* MyBlissAssignment */ = {
			isa = PBXNativeTarget;
			buildConfigurationList = DD51A21B21C2E01400F1D413 /* Build configuration list for PBXNativeTarget "MyBlissAssignment" */;
			buildPhases = (
				DD51A1EF21C2E01200F1D413 /* Sources */,
				DD51A1F021C2E01200F1D413 /* Frameworks */,
				DD51A1F121C2E01200F1D413 /* Resources */,
			);
			buildRules = (
			);
			dependencies = (
			);
			name = MyBlissAssignment;
			productName = MyBlissAssignment;
			productReference = DD51A1F321C2E01200F1D413 /* MyBlissAssignment.app */;
			productType = "com.apple.product-type.application";
		};
		DD51A20621C2E01400F1D413 /* MyBlissAssignmentTests */ = {
			isa = PBXNativeTarget;
			buildConfigurationList = DD51A21E21C2E01400F1D413 /* Build configuration list for PBXNativeTarget "MyBlissAssignmentTests" */;
			buildPhases = (
				DD51A20321C2E01400F1D413 /* Sources */,
				DD51A20421C2E01400F1D413 /* Frameworks */,
				DD51A20521C2E01400F1D413 /* Resources */,
			);
			buildRules = (
			);
			dependencies = (
				DD51A20921C2E01400F1D413 /* PBXTargetDependency */,
			);
			name = MyBlissAssignmentTests;
			productName = MyBlissAssignmentTests;
			productReference = DD51A20721C2E01400F1D413 /* MyBlissAssignmentTests.xctest */;
			productType = "com.apple.product-type.bundle.unit-test";
		};
		DD51A21121C2E01400F1D413 /* MyBlissAssignmentUITests */ = {
			isa = PBXNativeTarget;
			buildConfigurationList = DD51A22121C2E01400F1D413 /* Build configuration list for PBXNativeTarget "MyBlissAssignmentUITests" */;
			buildPhases = (
				DD51A20E21C2E01400F1D413 /* Sources */,
				DD51A20F21C2E01400F1D413 /* Frameworks */,
				DD51A21021C2E01400F1D413 /* Resources */,
			);
			buildRules = (
			);
			dependencies = (
				DD51A21421C2E01400F1D413 /* PBXTargetDependency */,
			);
			name = MyBlissAssignmentUITests;
			productName = MyBlissAssignmentUITests;
			productReference = DD51A21221C2E01400F1D413 /* MyBlissAssignmentUITests.xctest */;
			productType = "com.apple.product-type.bundle.ui-testing";
		};
/* End PBXNativeTarget section */

/* Begin PBXProject section */
		DD51A1EB21C2E01200F1D413 /* Project object */ = {
			isa = PBXProject;
			attributes = {
				LastSwiftUpdateCheck = 1010;
				LastUpgradeCheck = 1010;
				ORGANIZATIONNAME = "Udit Ajmera";
				TargetAttributes = {
					DD51A1F221C2E01200F1D413 = {
						CreatedOnToolsVersion = 10.1;
					};
					DD51A20621C2E01400F1D413 = {
						CreatedOnToolsVersion = 10.1;
						TestTargetID = DD51A1F221C2E01200F1D413;
					};
					DD51A21121C2E01400F1D413 = {
						CreatedOnToolsVersion = 10.1;
						TestTargetID = DD51A1F221C2E01200F1D413;
					};
				};
			};
			buildConfigurationList = DD51A1EE21C2E01200F1D413 /* Build configuration list for PBXProject "MyBlissAssignment" */;
			compatibilityVersion = "Xcode 9.3";
			developmentRegion = en;
			hasScannedForEncodings = 0;
			knownRegions = (
				en,
				Base,
			);
			mainGroup = DD51A1EA21C2E01200F1D413;
			productRefGroup = DD51A1F421C2E01200F1D413 /* Products */;
			projectDirPath = "";
			projectRoot = "";
			targets = (
				DD51A1F221C2E01200F1D413 /* MyBlissAssignment */,
				DD51A20621C2E01400F1D413 /* MyBlissAssignmentTests */,
				DD51A21121C2E01400F1D413 /* MyBlissAssignmentUITests */,
			);
		};
/* End PBXProject section */

/* Begin PBXResourcesBuildPhase section */
		DD51A1F121C2E01200F1D413 /* Resources */ = {
			isa = PBXResourcesBuildPhase;
			buildActionMask = 2147483647;
			files = (
				DD51A20121C2E01400F1D413 /* LaunchScreen.storyboard in Resources */,
				DD51A1FE21C2E01400F1D413 /* Assets.xcassets in Resources */,
				DD51A1FC21C2E01200F1D413 /* Main.storyboard in Resources */,
			);
			runOnlyForDeploymentPostprocessing = 0;
		};
		DD51A20521C2E01400F1D413 /* Resources */ = {
			isa = PBXResourcesBuildPhase;
			buildActionMask = 2147483647;
			files = (
			);
			runOnlyForDeploymentPostprocessing = 0;
		};
		DD51A21021C2E01400F1D413 /* Resources */ = {
			isa = PBXResourcesBuildPhase;
			buildActionMask = 2147483647;
			files = (
			);
			runOnlyForDeploymentPostprocessing = 0;
		};
/* End PBXResourcesBuildPhase section */

/* Begin PBXSourcesBuildPhase section */
		DD51A1EF21C2E01200F1D413 /* Sources */ = {
			isa = PBXSourcesBuildPhase;
			buildActionMask = 2147483647;
			files = (
				DD51A1F921C2E01200F1D413 /* EpisodesViewController.swift in Sources */,
				DD579F0D21C620E1007786DE /* EpisodesViewModel.swift in Sources */,
				DD51A22B21C4BE8B00F1D413 /* BasePath.swift in Sources */,
				DD51A22621C2F37400F1D413 /* Episode.swift in Sources */,
				DD579F0921C61EB3007786DE /* EpisodeCollectionViewCell.swift in Sources */,
				DD579F1021C6AC40007786DE /* UIImageView+Cache.swift in Sources */,
				DD51A22D21C4CBBD00F1D413 /* APIResult.swift in Sources */,
				DD51A22821C2F40500F1D413 /* Series.swift in Sources */,
				DD51A1F721C2E01200F1D413 /* AppDelegate.swift in Sources */,
				DD51A22F21C4DDF300F1D413 /* GenericAPIClient.swift in Sources */,
				DD579F0B21C61F3B007786DE /* EpisodesViewController+CollectionViewDelegates.swift in Sources */,
				DD51A23121C50A5E00F1D413 /* EpisodeClient.swift in Sources */,
			);
			runOnlyForDeploymentPostprocessing = 0;
		};
		DD51A20321C2E01400F1D413 /* Sources */ = {
			isa = PBXSourcesBuildPhase;
			buildActionMask = 2147483647;
			files = (
				DD51A20C21C2E01400F1D413 /* MyBlissAssignmentTests.swift in Sources */,
			);
			runOnlyForDeploymentPostprocessing = 0;
		};
		DD51A20E21C2E01400F1D413 /* Sources */ = {
			isa = PBXSourcesBuildPhase;
			buildActionMask = 2147483647;
			files = (
				DD51A21721C2E01400F1D413 /* MyBlissAssignmentUITests.swift in Sources */,
			);
			runOnlyForDeploymentPostprocessing = 0;
		};
/* End PBXSourcesBuildPhase section */

/* Begin PBXTargetDependency section */
		DD51A20921C2E01400F1D413 /* PBXTargetDependency */ = {
			isa = PBXTargetDependency;
			target = DD51A1F221C2E01200F1D413 /* MyBlissAssignment */;
			targetProxy = DD51A20821C2E01400F1D413 /* PBXContainerItemProxy */;
		};
		DD51A21421C2E01400F1D413 /* PBXTargetDependency */ = {
			isa = PBXTargetDependency;
			target = DD51A1F221C2E01200F1D413 /* MyBlissAssignment */;
			targetProxy = DD51A21321C2E01400F1D413 /* PBXContainerItemProxy */;
		};
/* End PBXTargetDependency section */

/* Begin PBXVariantGroup section */
		DD51A1FA21C2E01200F1D413 /* Main.storyboard */ = {
			isa = PBXVariantGroup;
			children = (
				DD51A1FB21C2E01200F1D413 /* Base */,
			);
			name = Main.storyboard;
			sourceTree = "<group>";
		};
		DD51A1FF21C2E01400F1D413 /* LaunchScreen.storyboard */ = {
			isa = PBXVariantGroup;
			children = (
				DD51A20021C2E01400F1D413 /* Base */,
			);
			name = LaunchScreen.storyboard;
			sourceTree = "<group>";
		};
/* End PBXVariantGroup section */

/* Begin XCBuildConfiguration section */
		DD51A21921C2E01400F1D413 /* Debug */ = {
			isa = XCBuildConfiguration;
			buildSettings = {
				ALWAYS_SEARCH_USER_PATHS = NO;
				CLANG_ANALYZER_NONNULL = YES;
				CLANG_ANALYZER_NUMBER_OBJECT_CONVERSION = YES_AGGRESSIVE;
				CLANG_CXX_LANGUAGE_STANDARD = "gnu++14";
				CLANG_CXX_LIBRARY = "libc++";
				CLANG_ENABLE_MODULES = YES;
				CLANG_ENABLE_OBJC_ARC = YES;
				CLANG_ENABLE_OBJC_WEAK = YES;
				CLANG_WARN_BLOCK_CAPTURE_AUTORELEASING = YES;
				CLANG_WARN_BOOL_CONVERSION = YES;
				CLANG_WARN_COMMA = YES;
				CLANG_WARN_CONSTANT_CONVERSION = YES;
				CLANG_WARN_DEPRECATED_OBJC_IMPLEMENTATIONS = YES;
				CLANG_WARN_DIRECT_OBJC_ISA_USAGE = YES_ERROR;
				CLANG_WARN_DOCUMENTATION_COMMENTS = YES;
				CLANG_WARN_EMPTY_BODY = YES;
				CLANG_WARN_ENUM_CONVERSION = YES;
				CLANG_WARN_INFINITE_RECURSION = YES;
				CLANG_WARN_INT_CONVERSION = YES;
				CLANG_WARN_NON_LITERAL_NULL_CONVERSION = YES;
				CLANG_WARN_OBJC_IMPLICIT_RETAIN_SELF = YES;
				CLANG_WARN_OBJC_LITERAL_CONVERSION = YES;
				CLANG_WARN_OBJC_ROOT_CLASS = YES_ERROR;
				CLANG_WARN_RANGE_LOOP_ANALYSIS = YES;
				CLANG_WARN_STRICT_PROTOTYPES = YES;
				CLANG_WARN_SUSPICIOUS_MOVE = YES;
				CLANG_WARN_UNGUARDED_AVAILABILITY = YES_AGGRESSIVE;
				CLANG_WARN_UNREACHABLE_CODE = YES;
				CLANG_WARN__DUPLICATE_METHOD_MATCH = YES;
				CODE_SIGN_IDENTITY = "iPhone Developer";
				COPY_PHASE_STRIP = NO;
				DEBUG_INFORMATION_FORMAT = dwarf;
				ENABLE_STRICT_OBJC_MSGSEND = YES;
				ENABLE_TESTABILITY = YES;
				GCC_C_LANGUAGE_STANDARD = gnu11;
				GCC_DYNAMIC_NO_PIC = NO;
				GCC_NO_COMMON_BLOCKS = YES;
				GCC_OPTIMIZATION_LEVEL = 0;
				GCC_PREPROCESSOR_DEFINITIONS = (
					"DEBUG=1",
					"$(inherited)",
				);
				GCC_WARN_64_TO_32_BIT_CONVERSION = YES;
				GCC_WARN_ABOUT_RETURN_TYPE = YES_ERROR;
				GCC_WARN_UNDECLARED_SELECTOR = YES;
				GCC_WARN_UNINITIALIZED_AUTOS = YES_AGGRESSIVE;
				GCC_WARN_UNUSED_FUNCTION = YES;
				GCC_WARN_UNUSED_VARIABLE = YES;
				IPHONEOS_DEPLOYMENT_TARGET = 12.1;
				MTL_ENABLE_DEBUG_INFO = INCLUDE_SOURCE;
				MTL_FAST_MATH = YES;
				ONLY_ACTIVE_ARCH = YES;
				SDKROOT = iphoneos;
				SWIFT_ACTIVE_COMPILATION_CONDITIONS = DEBUG;
				SWIFT_OPTIMIZATION_LEVEL = "-Onone";
			};
			name = Debug;
		};
		DD51A21A21C2E01400F1D413 /* Release */ = {
			isa = XCBuildConfiguration;
			buildSettings = {
				ALWAYS_SEARCH_USER_PATHS = NO;
				CLANG_ANALYZER_NONNULL = YES;
				CLANG_ANALYZER_NUMBER_OBJECT_CONVERSION = YES_AGGRESSIVE;
				CLANG_CXX_LANGUAGE_STANDARD = "gnu++14";
				CLANG_CXX_LIBRARY = "libc++";
				CLANG_ENABLE_MODULES = YES;
				CLANG_ENABLE_OBJC_ARC = YES;
				CLANG_ENABLE_OBJC_WEAK = YES;
				CLANG_WARN_BLOCK_CAPTURE_AUTORELEASING = YES;
				CLANG_WARN_BOOL_CONVERSION = YES;
				CLANG_WARN_COMMA = YES;
				CLANG_WARN_CONSTANT_CONVERSION = YES;
				CLANG_WARN_DEPRECATED_OBJC_IMPLEMENTATIONS = YES;
				CLANG_WARN_DIRECT_OBJC_ISA_USAGE = YES_ERROR;
				CLANG_WARN_DOCUMENTATION_COMMENTS = YES;
				CLANG_WARN_EMPTY_BODY = YES;
				CLANG_WARN_ENUM_CONVERSION = YES;
				CLANG_WARN_INFINITE_RECURSION = YES;
				CLANG_WARN_INT_CONVERSION = YES;
				CLANG_WARN_NON_LITERAL_NULL_CONVERSION = YES;
				CLANG_WARN_OBJC_IMPLICIT_RETAIN_SELF = YES;
				CLANG_WARN_OBJC_LITERAL_CONVERSION = YES;
				CLANG_WARN_OBJC_ROOT_CLASS = YES_ERROR;
				CLANG_WARN_RANGE_LOOP_ANALYSIS = YES;
				CLANG_WARN_STRICT_PROTOTYPES = YES;
				CLANG_WARN_SUSPICIOUS_MOVE = YES;
				CLANG_WARN_UNGUARDED_AVAILABILITY = YES_AGGRESSIVE;
				CLANG_WARN_UNREACHABLE_CODE = YES;
				CLANG_WARN__DUPLICATE_METHOD_MATCH = YES;
				CODE_SIGN_IDENTITY = "iPhone Developer";
				COPY_PHASE_STRIP = NO;
				DEBUG_INFORMATION_FORMAT = "dwarf-with-dsym";
				ENABLE_NS_ASSERTIONS = NO;
				ENABLE_STRICT_OBJC_MSGSEND = YES;
				GCC_C_LANGUAGE_STANDARD = gnu11;
				GCC_NO_COMMON_BLOCKS = YES;
				GCC_WARN_64_TO_32_BIT_CONVERSION = YES;
				GCC_WARN_ABOUT_RETURN_TYPE = YES_ERROR;
				GCC_WARN_UNDECLARED_SELECTOR = YES;
				GCC_WARN_UNINITIALIZED_AUTOS = YES_AGGRESSIVE;
				GCC_WARN_UNUSED_FUNCTION = YES;
				GCC_WARN_UNUSED_VARIABLE = YES;
				IPHONEOS_DEPLOYMENT_TARGET = 12.1;
				MTL_ENABLE_DEBUG_INFO = NO;
				MTL_FAST_MATH = YES;
				SDKROOT = iphoneos;
				SWIFT_COMPILATION_MODE = wholemodule;
				SWIFT_OPTIMIZATION_LEVEL = "-O";
				VALIDATE_PRODUCT = YES;
			};
			name = Release;
		};
		DD51A21C21C2E01400F1D413 /* Debug */ = {
			isa = XCBuildConfiguration;
			buildSettings = {
				ASSETCATALOG_COMPILER_APPICON_NAME = AppIcon;
				CODE_SIGN_STYLE = Automatic;
				INFOPLIST_FILE = MyBlissAssignment/Info.plist;
				LD_RUNPATH_SEARCH_PATHS = (
					"$(inherited)",
					"@executable_path/Frameworks",
				);
				PRODUCT_BUNDLE_IDENTIFIER = UD.MyBlissAssignment;
				PRODUCT_NAME = "$(TARGET_NAME)";
				SWIFT_VERSION = 4.2;
				TARGETED_DEVICE_FAMILY = "1,2";
			};
			name = Debug;
		};
		DD51A21D21C2E01400F1D413 /* Release */ = {
			isa = XCBuildConfiguration;
			buildSettings = {
				ASSETCATALOG_COMPILER_APPICON_NAME = AppIcon;
				CODE_SIGN_STYLE = Automatic;
				INFOPLIST_FILE = MyBlissAssignment/Info.plist;
				LD_RUNPATH_SEARCH_PATHS = (
					"$(inherited)",
					"@executable_path/Frameworks",
				);
				PRODUCT_BUNDLE_IDENTIFIER = UD.MyBlissAssignment;
				PRODUCT_NAME = "$(TARGET_NAME)";
				SWIFT_VERSION = 4.2;
				TARGETED_DEVICE_FAMILY = "1,2";
			};
			name = Release;
		};
		DD51A21F21C2E01400F1D413 /* Debug */ = {
			isa = XCBuildConfiguration;
			buildSettings = {
				ALWAYS_EMBED_SWIFT_STANDARD_LIBRARIES = YES;
				BUNDLE_LOADER = "$(TEST_HOST)";
				CODE_SIGN_STYLE = Automatic;
				INFOPLIST_FILE = MyBlissAssignmentTests/Info.plist;
				LD_RUNPATH_SEARCH_PATHS = (
					"$(inherited)",
					"@executable_path/Frameworks",
					"@loader_path/Frameworks",
				);
				PRODUCT_BUNDLE_IDENTIFIER = UD.MyBlissAssignmentTests;
				PRODUCT_NAME = "$(TARGET_NAME)";
				SWIFT_VERSION = 4.2;
				TARGETED_DEVICE_FAMILY = "1,2";
				TEST_HOST = "$(BUILT_PRODUCTS_DIR)/MyBlissAssignment.app/MyBlissAssignment";
			};
			name = Debug;
		};
		DD51A22021C2E01400F1D413 /* Release */ = {
			isa = XCBuildConfiguration;
			buildSettings = {
				ALWAYS_EMBED_SWIFT_STANDARD_LIBRARIES = YES;
				BUNDLE_LOADER = "$(TEST_HOST)";
				CODE_SIGN_STYLE = Automatic;
				INFOPLIST_FILE = MyBlissAssignmentTests/Info.plist;
				LD_RUNPATH_SEARCH_PATHS = (
					"$(inherited)",
					"@executable_path/Frameworks",
					"@loader_path/Frameworks",
				);
				PRODUCT_BUNDLE_IDENTIFIER = UD.MyBlissAssignmentTests;
				PRODUCT_NAME = "$(TARGET_NAME)";
				SWIFT_VERSION = 4.2;
				TARGETED_DEVICE_FAMILY = "1,2";
				TEST_HOST = "$(BUILT_PRODUCTS_DIR)/MyBlissAssignment.app/MyBlissAssignment";
			};
			name = Release;
		};
		DD51A22221C2E01400F1D413 /* Debug */ = {
			isa = XCBuildConfiguration;
			buildSettings = {
				ALWAYS_EMBED_SWIFT_STANDARD_LIBRARIES = YES;
				CODE_SIGN_STYLE = Automatic;
				INFOPLIST_FILE = MyBlissAssignmentUITests/Info.plist;
				LD_RUNPATH_SEARCH_PATHS = (
					"$(inherited)",
					"@executable_path/Frameworks",
					"@loader_path/Frameworks",
				);
				PRODUCT_BUNDLE_IDENTIFIER = UD.MyBlissAssignmentUITests;
				PRODUCT_NAME = "$(TARGET_NAME)";
				SWIFT_VERSION = 4.2;
				TARGETED_DEVICE_FAMILY = "1,2";
				TEST_TARGET_NAME = MyBlissAssignment;
			};
			name = Debug;
		};
		DD51A22321C2E01400F1D413 /* Release */ = {
			isa = XCBuildConfiguration;
			buildSettings = {
				ALWAYS_EMBED_SWIFT_STANDARD_LIBRARIES = YES;
				CODE_SIGN_STYLE = Automatic;
				INFOPLIST_FILE = MyBlissAssignmentUITests/Info.plist;
				LD_RUNPATH_SEARCH_PATHS = (
					"$(inherited)",
					"@executable_path/Frameworks",
					"@loader_path/Frameworks",
				);
				PRODUCT_BUNDLE_IDENTIFIER = UD.MyBlissAssignmentUITests;
				PRODUCT_NAME = "$(TARGET_NAME)";
				SWIFT_VERSION = 4.2;
				TARGETED_DEVICE_FAMILY = "1,2";
				TEST_TARGET_NAME = MyBlissAssignment;
			};
			name = Release;
		};
/* End XCBuildConfiguration section */

/* Begin XCConfigurationList section */
		DD51A1EE21C2E01200F1D413 /* Build configuration list for PBXProject "MyBlissAssignment" */ = {
			isa = XCConfigurationList;
			buildConfigurations = (
				DD51A21921C2E01400F1D413 /* Debug */,
				DD51A21A21C2E01400F1D413 /* Release */,
			);
			defaultConfigurationIsVisible = 0;
			defaultConfigurationName = Release;
		};
		DD51A21B21C2E01400F1D413 /* Build configuration list for PBXNativeTarget "MyBlissAssignment" */ = {
			isa = XCConfigurationList;
			buildConfigurations = (
				DD51A21C21C2E01400F1D413 /* Debug */,
				DD51A21D21C2E01400F1D413 /* Release */,
			);
			defaultConfigurationIsVisible = 0;
			defaultConfigurationName = Release;
		};
		DD51A21E21C2E01400F1D413 /* Build configuration list for PBXNativeTarget "MyBlissAssignmentTests" */ = {
			isa = XCConfigurationList;
			buildConfigurations = (
				DD51A21F21C2E01400F1D413 /* Debug */,
				DD51A22021C2E01400F1D413 /* Release */,
			);
			defaultConfigurationIsVisible = 0;
			defaultConfigurationName = Release;
		};
		DD51A22121C2E01400F1D413 /* Build configuration list for PBXNativeTarget "MyBlissAssignmentUITests" */ = {
			isa = XCConfigurationList;
			buildConfigurations = (
				DD51A22221C2E01400F1D413 /* Debug */,
				DD51A22321C2E01400F1D413 /* Release */,
			);
			defaultConfigurationIsVisible = 0;
			defaultConfigurationName = Release;
		};
/* End XCConfigurationList section */
	};
	rootObject = DD51A1EB21C2E01200F1D413 /* Project object */;
}
